
Microsoft Visual Studio Solution File, Format Version 12.00
# Visual Studio Version 17
VisualStudioVersion = 17.9.34728.123
MinimumVisualStudioVersion = 10.0.40219.1
Project("{FAE04EC0-301F-11D3-BF4B-00C04F79EFBC}") = "Stórafmæli", "Stórafmæli\Stórafmæli.csproj", "{CFC39560-17FA-4071-9F9F-431778933D50}"
EndProject
Global
	GlobalSection(SolutionConfigurationPlatforms) = preSolution
		Debug|Any CPU = Debug|Any CPU
		Release|Any CPU = Release|Any CPU
	EndGlobalSection
	GlobalSection(ProjectConfigurationPlatforms) = postSolution
		{CFC39560-17FA-4071-9F9F-431778933D50}.Debug|Any CPU.ActiveCfg = Debug|Any CPU
		{CFC39560-17FA-4071-9F9F-431778933D50}.Debug|Any CPU.Build.0 = Debug|Any CPU
		{CFC39560-17FA-4071-9F9F-431778933D50}.Release|Any CPU.ActiveCfg = Release|Any CPU
		{CFC39560-17FA-4071-9F9F-431778933D50}.Release|Any CPU.Build.0 = Release|Any CPU
	EndGlobalSection
	GlobalSection(SolutionProperties) = preSolution
		HideSolutionNode = FALSE
	EndGlobalSection
	GlobalSection(ExtensibilityGlobals) = postSolution
		SolutionGuid = {0BA6864A-0E45-4D45-B1B5-C555D2E35DA9}
	EndGlobalSection
EndGlobal
